
Microsoft Visual Studio Solution File, Format Version 12.00
# Visual Studio 15
VisualStudioVersion = 15.0.26730.16
MinimumVisualStudioVersion = 10.0.40219.1
Project("{FAE04EC0-301F-11D3-BF4B-00C04F79EFBC}") = "Atividade1", "Atividade1\Atividade1.csproj", "{620695C3-1F13-4867-9DB8-CC1A1802FD1C}"
EndProject
Global
	GlobalSection(SolutionConfigurationPlatforms) = preSolution
		Debug|Any CPU = Debug|Any CPU
		Release|Any CPU = Release|Any CPU
	EndGlobalSection
	GlobalSection(ProjectConfigurationPlatforms) = postSolution
		{620695C3-1F13-4867-9DB8-CC1A1802FD1C}.Debug|Any CPU.ActiveCfg = Debug|Any CPU
		{620695C3-1F13-4867-9DB8-CC1A1802FD1C}.Debug|Any CPU.Build.0 = Debug|Any CPU
		{620695C3-1F13-4867-9DB8-CC1A1802FD1C}.Release|Any CPU.ActiveCfg = Release|Any CPU
		{620695C3-1F13-4867-9DB8-CC1A1802FD1C}.Release|Any CPU.Build.0 = Release|Any CPU
	EndGlobalSection
	GlobalSection(SolutionProperties) = preSolution
		HideSolutionNode = FALSE
	EndGlobalSection
	GlobalSection(ExtensibilityGlobals) = postSolution
		SolutionGuid = {F5F948FD-6862-47C0-A12F-F3C86ECBE9FB}
	EndGlobalSection
EndGlobal
